<?xml version="1.0" encoding="utf-8"?>
<Project ToolsVersion="4.0" xmlns="http://schemas.microsoft.com/developer/msbuild/2003">
  <ItemGroup>
    <Filter Include="Zephirus">
      <UniqueIdentifier>{5F5C69F6-4B29-C401-7442-B2A9606EF98F}</UniqueIdentifier>
    </Filter>
  </ItemGroup>
  <ItemGroup>
    <ClInclude Include="src\Zephirus.h" />
    <ClInclude Include="src\Zephirus\Application.h">
      <Filter>Zephirus</Filter>
    </ClInclude>
    <ClInclude Include="src\Zephirus\Core.h">
      <Filter>Zephirus</Filter>
    </ClInclude>
    <ClInclude Include="src\Zephirus\EntryPoint.h">
      <Filter>Zephirus</Filter>
    </ClInclude>
    <ClInclude Include="src\Zephirus\Log.h">
      <Filter>Zephirus</Filter>
    </ClInclude>
  </ItemGroup>
  <ItemGroup>
    <ClCompile Include="src\Zephirus\Application.cpp">
      <Filter>Zephirus</Filter>
    </ClCompile>
    <ClCompile Include="src\Zephirus\Log.cpp">
      <Filter>Zephirus</Filter>
    </ClCompile>
  </ItemGroup>
</Project>